
Microsoft Visual Studio Solution File, Format Version 12.00
# Visual Studio Version 16
VisualStudioVersion = 16.0.30320.27
MinimumVisualStudioVersion = 10.0.40219.1
Project("{FAE04EC0-301F-11D3-BF4B-00C04F79EFBC}") = "JogoDaVelhaComTestes", "JogoDaVelhaComTestes\JogoDaVelhaComTestes.csproj", "{8D226FA5-B310-4502-AF0E-77C24636AA5D}"
EndProject
Project("{9A19103F-16F7-4668-BE54-9A1E7A4F7556}") = "JogoDaVelha", "JogoDaVelha\JogoDaVelha.csproj", "{2C1D7646-E357-4B9F-BD39-59EE0D75E0D6}"
EndProject
Project("{2150E333-8FDC-42A3-9474-1A3956D46DE8}") = "PegaVareta", "PegaVareta", "{172E82FC-76D0-413F-B836-56198E5B788D}"
EndProject
Project("{9A19103F-16F7-4668-BE54-9A1E7A4F7556}") = "PegaVareta.Test", "PegaVareta.Test\PegaVareta.Test.csproj", "{EE3A6DDD-D0E7-4BCF-8D49-EE0FF8E70D33}"
EndProject
Project("{9A19103F-16F7-4668-BE54-9A1E7A4F7556}") = "PegaVareta.Console", "PegaVareta.Console\PegaVareta.Console.csproj", "{DA5724A0-88E9-496F-B152-6C882F11E256}"
EndProject
Project("{9A19103F-16F7-4668-BE54-9A1E7A4F7556}") = "PegaVareta.Core", "PegaVareta.Core\PegaVareta.Core.csproj", "{59AF1661-D8C8-4065-AFE4-E75EBFA42954}"
EndProject
Project("{2150E333-8FDC-42A3-9474-1A3956D46DE8}") = "JogoDaVelha", "JogoDaVelha", "{C33260BA-8404-4BCB-8292-4BDFAC084A99}"
EndProject
Global
	GlobalSection(SolutionConfigurationPlatforms) = preSolution
		Debug|Any CPU = Debug|Any CPU
		Release|Any CPU = Release|Any CPU
	EndGlobalSection
	GlobalSection(ProjectConfigurationPlatforms) = postSolution
		{8D226FA5-B310-4502-AF0E-77C24636AA5D}.Debug|Any CPU.ActiveCfg = Debug|Any CPU
		{8D226FA5-B310-4502-AF0E-77C24636AA5D}.Debug|Any CPU.Build.0 = Debug|Any CPU
		{8D226FA5-B310-4502-AF0E-77C24636AA5D}.Release|Any CPU.ActiveCfg = Release|Any CPU
		{8D226FA5-B310-4502-AF0E-77C24636AA5D}.Release|Any CPU.Build.0 = Release|Any CPU
		{2C1D7646-E357-4B9F-BD39-59EE0D75E0D6}.Debug|Any CPU.ActiveCfg = Debug|Any CPU
		{2C1D7646-E357-4B9F-BD39-59EE0D75E0D6}.Debug|Any CPU.Build.0 = Debug|Any CPU
		{2C1D7646-E357-4B9F-BD39-59EE0D75E0D6}.Release|Any CPU.ActiveCfg = Release|Any CPU
		{2C1D7646-E357-4B9F-BD39-59EE0D75E0D6}.Release|Any CPU.Build.0 = Release|Any CPU
		{EE3A6DDD-D0E7-4BCF-8D49-EE0FF8E70D33}.Debug|Any CPU.ActiveCfg = Debug|Any CPU
		{EE3A6DDD-D0E7-4BCF-8D49-EE0FF8E70D33}.Debug|Any CPU.Build.0 = Debug|Any CPU
		{EE3A6DDD-D0E7-4BCF-8D49-EE0FF8E70D33}.Release|Any CPU.ActiveCfg = Release|Any CPU
		{EE3A6DDD-D0E7-4BCF-8D49-EE0FF8E70D33}.Release|Any CPU.Build.0 = Release|Any CPU
		{DA5724A0-88E9-496F-B152-6C882F11E256}.Debug|Any CPU.ActiveCfg = Debug|Any CPU
		{DA5724A0-88E9-496F-B152-6C882F11E256}.Debug|Any CPU.Build.0 = Debug|Any CPU
		{DA5724A0-88E9-496F-B152-6C882F11E256}.Release|Any CPU.ActiveCfg = Release|Any CPU
		{DA5724A0-88E9-496F-B152-6C882F11E256}.Release|Any CPU.Build.0 = Release|Any CPU
		{59AF1661-D8C8-4065-AFE4-E75EBFA42954}.Debug|Any CPU.ActiveCfg = Debug|Any CPU
		{59AF1661-D8C8-4065-AFE4-E75EBFA42954}.Debug|Any CPU.Build.0 = Debug|Any CPU
		{59AF1661-D8C8-4065-AFE4-E75EBFA42954}.Release|Any CPU.ActiveCfg = Release|Any CPU
		{59AF1661-D8C8-4065-AFE4-E75EBFA42954}.Release|Any CPU.Build.0 = Release|Any CPU
	EndGlobalSection
	GlobalSection(SolutionProperties) = preSolution
		HideSolutionNode = FALSE
	EndGlobalSection
	GlobalSection(NestedProjects) = preSolution
		{8D226FA5-B310-4502-AF0E-77C24636AA5D} = {C33260BA-8404-4BCB-8292-4BDFAC084A99}
		{2C1D7646-E357-4B9F-BD39-59EE0D75E0D6} = {C33260BA-8404-4BCB-8292-4BDFAC084A99}
		{EE3A6DDD-D0E7-4BCF-8D49-EE0FF8E70D33} = {172E82FC-76D0-413F-B836-56198E5B788D}
		{DA5724A0-88E9-496F-B152-6C882F11E256} = {172E82FC-76D0-413F-B836-56198E5B788D}
		{59AF1661-D8C8-4065-AFE4-E75EBFA42954} = {172E82FC-76D0-413F-B836-56198E5B788D}
	EndGlobalSection
	GlobalSection(ExtensibilityGlobals) = postSolution
		SolutionGuid = {3773ADD1-986F-4A6F-B81F-9911AFDECE3F}
	EndGlobalSection
EndGlobal
